
Microsoft Visual Studio Solution File, Format Version 12.00
# Visual Studio Version 17
VisualStudioVersion = 17.10.35122.118
MinimumVisualStudioVersion = 10.0.40219.1
Project("{FAE04EC0-301F-11D3-BF4B-00C04F79EFBC}") = "GamingEventBackend", "GamingEventBackend\GamingEventBackend.csproj", "{C131D6C0-92B7-41B7-B4ED-273EB3F6A4B6}"
EndProject
Global
	GlobalSection(SolutionConfigurationPlatforms) = preSolution
		Debug|Any CPU = Debug|Any CPU
		Release|Any CPU = Release|Any CPU
	EndGlobalSection
	GlobalSection(ProjectConfigurationPlatforms) = postSolution
		{C131D6C0-92B7-41B7-B4ED-273EB3F6A4B6}.Debug|Any CPU.ActiveCfg = Debug|Any CPU
		{C131D6C0-92B7-41B7-B4ED-273EB3F6A4B6}.Debug|Any CPU.Build.0 = Debug|Any CPU
		{C131D6C0-92B7-41B7-B4ED-273EB3F6A4B6}.Release|Any CPU.ActiveCfg = Release|Any CPU
		{C131D6C0-92B7-41B7-B4ED-273EB3F6A4B6}.Release|Any CPU.Build.0 = Release|Any CPU
	EndGlobalSection
	GlobalSection(SolutionProperties) = preSolution
		HideSolutionNode = FALSE
	EndGlobalSection
	GlobalSection(ExtensibilityGlobals) = postSolution
		SolutionGuid = {D78B009A-4FB4-4D82-990B-6846DE7AC132}
	EndGlobalSection
EndGlobal
